
Microsoft Visual Studio Solution File, Format Version 12.00
# Visual Studio Version 17
VisualStudioVersion = 17.14.37027.9 d17.14
MinimumVisualStudioVersion = 10.0.40219.1
Project("{FAE04EC0-301F-11D3-BF4B-00C04F79EFBC}") = "EnergyTrackerProject", "EnergyTrackerProject\EnergyTrackerProject.csproj", "{D588134A-E732-44C9-87D9-1571F09D3C9D}"
EndProject
Global
	GlobalSection(SolutionConfigurationPlatforms) = preSolution
		Debug|Any CPU = Debug|Any CPU
		Release|Any CPU = Release|Any CPU
	EndGlobalSection
	GlobalSection(ProjectConfigurationPlatforms) = postSolution
		{D588134A-E732-44C9-87D9-1571F09D3C9D}.Debug|Any CPU.ActiveCfg = Debug|Any CPU
		{D588134A-E732-44C9-87D9-1571F09D3C9D}.Debug|Any CPU.Build.0 = Debug|Any CPU
		{D588134A-E732-44C9-87D9-1571F09D3C9D}.Release|Any CPU.ActiveCfg = Release|Any CPU
		{D588134A-E732-44C9-87D9-1571F09D3C9D}.Release|Any CPU.Build.0 = Release|Any CPU
	EndGlobalSection
	GlobalSection(SolutionProperties) = preSolution
		HideSolutionNode = FALSE
	EndGlobalSection
	GlobalSection(ExtensibilityGlobals) = postSolution
		SolutionGuid = {2A1210E0-5CAF-44BC-8C63-ED10DB6D3882}
	EndGlobalSection
EndGlobal
